
Microsoft Visual Studio Solution File, Format Version 12.00
# Visual Studio Version 17
VisualStudioVersion = 17.3.32901.215
MinimumVisualStudioVersion = 10.0.40219.1
Project("{E24C65DC-7377-472B-9ABA-BC803B73C61A}") = "WCFService", "WCFService\", "{F8E850D7-7580-4A0A-9F0B-5758BBBEDB75}"
	ProjectSection(WebsiteProperties) = preProject
		TargetFrameworkMoniker = ".NETFramework,Version%3Dv4.7.2"
		Debug.AspNetCompiler.VirtualPath = "/localhost_64974"
		Debug.AspNetCompiler.PhysicalPath = "WCFService\"
		Debug.AspNetCompiler.TargetPath = "PrecompiledWeb\localhost_64974\"
		Debug.AspNetCompiler.Updateable = "true"
		Debug.AspNetCompiler.ForceOverwrite = "true"
		Debug.AspNetCompiler.FixedNames = "false"
		Debug.AspNetCompiler.Debug = "True"
		Release.AspNetCompiler.VirtualPath = "/localhost_64974"
		Release.AspNetCompiler.PhysicalPath = "WCFService\"
		Release.AspNetCompiler.TargetPath = "PrecompiledWeb\localhost_64974\"
		Release.AspNetCompiler.Updateable = "true"
		Release.AspNetCompiler.ForceOverwrite = "true"
		Release.AspNetCompiler.FixedNames = "false"
		Release.AspNetCompiler.Debug = "False"
		VWDPort = "64974"
		SlnRelativePath = "WCFService\"
		DefaultWebSiteLanguage = "Visual C#"
	EndProjectSection
EndProject
Project("{FAE04EC0-301F-11D3-BF4B-00C04F79EFBC}") = "ConsoleClient", "ConsoleClient\ConsoleClient.csproj", "{2CDB1907-DB36-463B-8F42-E944B469FA2D}"
	ProjectSection(ProjectDependencies) = postProject
		{F8E850D7-7580-4A0A-9F0B-5758BBBEDB75} = {F8E850D7-7580-4A0A-9F0B-5758BBBEDB75}
	EndProjectSection
EndProject
Global
	GlobalSection(SolutionConfigurationPlatforms) = preSolution
		Debug|Any CPU = Debug|Any CPU
		Release|Any CPU = Release|Any CPU
	EndGlobalSection
	GlobalSection(ProjectConfigurationPlatforms) = postSolution
		{F8E850D7-7580-4A0A-9F0B-5758BBBEDB75}.Debug|Any CPU.ActiveCfg = Debug|Any CPU
		{F8E850D7-7580-4A0A-9F0B-5758BBBEDB75}.Debug|Any CPU.Build.0 = Debug|Any CPU
		{F8E850D7-7580-4A0A-9F0B-5758BBBEDB75}.Release|Any CPU.ActiveCfg = Debug|Any CPU
		{F8E850D7-7580-4A0A-9F0B-5758BBBEDB75}.Release|Any CPU.Build.0 = Debug|Any CPU
		{2CDB1907-DB36-463B-8F42-E944B469FA2D}.Debug|Any CPU.ActiveCfg = Debug|Any CPU
		{2CDB1907-DB36-463B-8F42-E944B469FA2D}.Debug|Any CPU.Build.0 = Debug|Any CPU
		{2CDB1907-DB36-463B-8F42-E944B469FA2D}.Release|Any CPU.ActiveCfg = Release|Any CPU
		{2CDB1907-DB36-463B-8F42-E944B469FA2D}.Release|Any CPU.Build.0 = Release|Any CPU
	EndGlobalSection
	GlobalSection(SolutionProperties) = preSolution
		HideSolutionNode = FALSE
	EndGlobalSection
	GlobalSection(ExtensibilityGlobals) = postSolution
		SolutionGuid = {D7AFEDF4-8BF3-48C9-A127-06B31F54B7DF}
	EndGlobalSection
EndGlobal
